// !$*UTF8*$!
{
	archiveVersion = 1;
	classes = {
	};
	objectVersion = 46;
	objects = {

/* Begin PBXBuildFile section */
		7FC20A561E459A7B00207F7E /* AppDelegate.swift in Sources */ = {isa = PBXBuildFile; fileRef = 7FC20A551E459A7B00207F7E /* AppDelegate.swift */; };
		7FC20A581E459A7B00207F7E /* ViewController.swift in Sources */ = {isa = PBXBuildFile; fileRef = 7FC20A571E459A7B00207F7E /* ViewController.swift */; };
		7FC20A5B1E459A7B00207F7E /* Main.storyboard in Resources */ = {isa = PBXBuildFile; fileRef = 7FC20A591E459A7B00207F7E /* Main.storyboard */; };
		7FC20A5D1E459A7B00207F7E /* Assets.xcassets in Resources */ = {isa = PBXBuildFile; fileRef = 7FC20A5C1E459A7B00207F7E /* Assets.xcassets */; };
		7FC20A601E459A7B00207F7E /* LaunchScreen.storyboard in Resources */ = {isa = PBXBuildFile; fileRef = 7FC20A5E1E459A7B00207F7E /* LaunchScreen.storyboard */; };
/* End PBXBuildFile section */

/* Begin PBXFileReference section */
		7FC20A521E459A7B00207F7E /* testWeb.app */ = {isa = PBXFileReference; explicitFileType = wrapper.application; includeInIndex = 0; path = testWeb.app; sourceTree = BUILT_PRODUCTS_DIR; };
		7FC20A551E459A7B00207F7E /* AppDelegate.swift */ = {isa = PBXFileReference; lastKnownFileType = sourcecode.swift; path = AppDelegate.swift; sourceTree = "<group>"; };
		7FC20A571E459A7B00207F7E /* ViewController.swift */ = {isa = PBXFileReference; lastKnownFileType = sourcecode.swift; path = ViewController.swift; sourceTree = "<group>"; };
		7FC20A5A1E459A7B00207F7E /* Base */ = {isa = PBXFileReference; lastKnownFileType = file.storyboard; name = Base; path = Base.lproj/Main.storyboard; sourceTree = "<group>"; };
		7FC20A5C1E459A7B00207F7E /* Assets.xcassets */ = {isa = PBXFileReference; lastKnownFileType = folder.assetcatalog; path = Assets.xcassets; sourceTree = "<group>"; };
		7FC20A5F1E459A7B00207F7E /* Base */ = {isa = PBXFileReference; lastKnownFileType = file.storyboard; name = Base; path = Base.lproj/LaunchScreen.storyboard; sourceTree = "<group>"; };
		7FC20A611E459A7B00207F7E /* Info.plist */ = {isa = PBXFileReference; lastKnownFileType = text.plist.xml; path = Info.plist; sourceTree = "<group>"; };
/* End PBXFileReference section */

/* Begin PBXFrameworksBuildPhase section */
		7FC20A4F1E459A7B00207F7E /* Frameworks */ = {
			isa = PBXFrameworksBuildPhase;
			buildActionMask = 2147483647;
			files = (
			);
			runOnlyForDeploymentPostprocessing = 0;
		};
/* End PBXFrameworksBuildPhase section */

/* Begin PBXGroup section */
		7FC20A491E459A7B00207F7E = {
			isa = PBXGroup;
			children = (
				7FC20A541E459A7B00207F7E /* testWeb */,
				7FC20A531E459A7B00207F7E /* Products */,
			);
			sourceTree = "<group>";
		};
		7FC20A531E459A7B00207F7E /* Products */ = {
			isa = PBXGroup;
			children = (
				7FC20A521E459A7B00207F7E /* testWeb.app */,
			);
			name = Products;
			sourceTree = "<group>";
		};
		7FC20A541E459A7B00207F7E /* testWeb */ = {
			isa = PBXGroup;
			children = (
				7FC20A551E459A7B00207F7E /* AppDelegate.swift */,
				7FC20A571E459A7B00207F7E /* ViewController.swift */,
				7FC20A591E459A7B00207F7E /* Main.storyboard */,
				7FC20A5C1E459A7B00207F7E /* Assets.xcassets */,
				7FC20A5E1E459A7B00207F7E /* LaunchScreen.storyboard */,
				7FC20A611E459A7B00207F7E /* Info.plist */,
			);
			path = testWeb;
			sourceTree = "<group>";
		};
/* End PBXGroup section */

/* Begin PBXNativeTarget section */
		7FC20A511E459A7B00207F7E /* testWeb */ = {
			isa = PBXNativeTarget;
			buildConfigurationList = 7FC20A641E459A7B00207F7E /* Build configuration list for PBXNativeTarget "testWeb" */;
			buildPhases = (
				7FC20A4E1E459A7B00207F7E /* Sources */,
				7FC20A4F1E459A7B00207F7E /* Frameworks */,
				7FC20A501E459A7B00207F7E /* Resources */,
			);
			buildRules = (
			);
			dependencies = (
			);
			name = testWeb;
			productName = testWeb;
			productReference = 7FC20A521E459A7B00207F7E /* testWeb.app */;
			productType = "com.apple.product-type.application";
		};
/* End PBXNativeTarget section */

/* Begin PBXProject section */
		7FC20A4A1E459A7B00207F7E /* Project object */ = {
			isa = PBXProject;
			attributes = {
				LastSwiftUpdateCheck = 0820;
				LastUpgradeCheck = 0820;
				ORGANIZATIONNAME = T.T;
				TargetAttributes = {
					7FC20A511E459A7B00207F7E = {
						CreatedOnToolsVersion = 8.2.1;
						ProvisioningStyle = Automatic;
					};
				};
			};
			buildConfigurationList = 7FC20A4D1E459A7B00207F7E /* Build configuration list for PBXProject "testWeb" */;
			compatibilityVersion = "Xcode 3.2";
			developmentRegion = English;
			hasScannedForEncodings = 0;
			knownRegions = (
				en,
				Base,
			);
			mainGroup = 7FC20A491E459A7B00207F7E;
			productRefGroup = 7FC20A531E459A7B00207F7E /* Products */;
			projectDirPath = "";
			projectRoot = "";
			targets = (
				7FC20A511E459A7B00207F7E /* testWeb */,
			);
		};
/* End PBXProject section */

/* Begin PBXResourcesBuildPhase section */
		7FC20A501E459A7B00207F7E /* Resources */ = {
			isa = PBXResourcesBuildPhase;
			buildActionMask = 2147483647;
			files = (
				7FC20A601E459A7B00207F7E /* LaunchScreen.storyboard in Resources */,
				7FC20A5D1E459A7B00207F7E /* Assets.xcassets in Resources */,
				7FC20A5B1E459A7B00207F7E /* Main.storyboard in Resources */,
			);
			runOnlyForDeploymentPostprocessing = 0;
		};
/* End PBXResourcesBuildPhase section */

/* Begin PBXSourcesBuildPhase section */
		7FC20A4E1E459A7B00207F7E /* Sources */ = {
			isa = PBXSourcesBuildPhase;
			buildActionMask = 2147483647;
			files = (
				7FC20A581E459A7B00207F7E /* ViewController.swift in Sources */,
				7FC20A561E459A7B00207F7E /* AppDelegate.swift in Sources */,
			);
			runOnlyForDeploymentPostprocessing = 0;
		};
/* End PBXSourcesBuildPhase section */

/* Begin PBXVariantGroup section */
		7FC20A591E459A7B00207F7E /* Main.storyboard */ = {
			isa = PBXVariantGroup;
			children = (
				7FC20A5A1E459A7B00207F7E /* Base */,
			);
			name = Main.storyboard;
			sourceTree = "<group>";
		};
		7FC20A5E1E459A7B00207F7E /* LaunchScreen.storyboard */ = {
			isa = PBXVariantGroup;
			children = (
				7FC20A5F1E459A7B00207F7E /* Base */,
			);
			name = LaunchScreen.storyboard;
			sourceTree = "<group>";
		};
/* End PBXVariantGroup section */

/* Begin XCBuildConfiguration section */
		7FC20A621E459A7B00207F7E /* Debug */ = {
			isa = XCBuildConfiguration;
			buildSettings = {
				ALWAYS_SEARCH_USER_PATHS = NO;
				CLANG_ANALYZER_NONNULL = YES;
				CLANG_CXX_LANGUAGE_STANDARD = "gnu++0x";
				CLANG_CXX_LIBRARY = "libc++";
				CLANG_ENABLE_MODULES = YES;
				CLANG_ENABLE_OBJC_ARC = YES;
				CLANG_WARN_BOOL_CONVERSION = YES;
				CLANG_WARN_CONSTANT_CONVERSION = YES;
				CLANG_WARN_DIRECT_OBJC_ISA_USAGE = YES_ERROR;
				CLANG_WARN_DOCUMENTATION_COMMENTS = YES;
				CLANG_WARN_EMPTY_BODY = YES;
				CLANG_WARN_ENUM_CONVERSION = YES;
				CLANG_WARN_INFINITE_RECURSION = YES;
				CLANG_WARN_INT_CONVERSION = YES;
				CLANG_WARN_OBJC_ROOT_CLASS = YES_ERROR;
				CLANG_WARN_SUSPICIOUS_MOVE = YES;
				CLANG_WARN_UNREACHABLE_CODE = YES;
				CLANG_WARN__DUPLICATE_METHOD_MATCH = YES;
				"CODE_SIGN_IDENTITY[sdk=iphoneos*]" = "iPhone Developer";
				COPY_PHASE_STRIP = NO;
				DEBUG_INFORMATION_FORMAT = dwarf;
				ENABLE_STRICT_OBJC_MSGSEND = YES;
				ENABLE_TESTABILITY = YES;
				GCC_C_LANGUAGE_STANDARD = gnu99;
				GCC_DYNAMIC_NO_PIC = NO;
				GCC_NO_COMMON_BLOCKS = YES;
				GCC_OPTIMIZATION_LEVEL = 0;
				GCC_PREPROCESSOR_DEFINITIONS = (
					"DEBUG=1",
					"$(inherited)",
				);
				GCC_WARN_64_TO_32_BIT_CONVERSION = YES;
				GCC_WARN_ABOUT_RETURN_TYPE = YES_ERROR;
				GCC_WARN_UNDECLARED_SELECTOR = YES;
				GCC_WARN_UNINITIALIZED_AUTOS = YES_AGGRESSIVE;
				GCC_WARN_UNUSED_FUNCTION = YES;
				GCC_WARN_UNUSED_VARIABLE = YES;
				IPHONEOS_DEPLOYMENT_TARGET = 10.2;
				MTL_ENABLE_DEBUG_INFO = YES;
				ONLY_ACTIVE_ARCH = YES;
				SDKROOT = iphoneos;
				SWIFT_ACTIVE_COMPILATION_CONDITIONS = DEBUG;
				SWIFT_OPTIMIZATION_LEVEL = "-Onone";
				TARGETED_DEVICE_FAMILY = "1,2";
			};
			name = Debug;
		};
		7FC20A631E459A7B00207F7E /* Release */ = {
			isa = XCBuildConfiguration;
			buildSettings = {
				ALWAYS_SEARCH_USER_PATHS = NO;
				CLANG_ANALYZER_NONNULL = YES;
				CLANG_CXX_LANGUAGE_STANDARD = "gnu++0x";
				CLANG_CXX_LIBRARY = "libc++";
				CLANG_ENABLE_MODULES = YES;
				CLANG_ENABLE_OBJC_ARC = YES;
				CLANG_WARN_BOOL_CONVERSION = YES;
				CLANG_WARN_CONSTANT_CONVERSION = YES;
				CLANG_WARN_DIRECT_OBJC_ISA_USAGE = YES_ERROR;
				CLANG_WARN_DOCUMENTATION_COMMENTS = YES;
				CLANG_WARN_EMPTY_BODY = YES;
				CLANG_WARN_ENUM_CONVERSION = YES;
				CLANG_WARN_INFINITE_RECURSION = YES;
				CLANG_WARN_INT_CONVERSION = YES;
				CLANG_WARN_OBJC_ROOT_CLASS = YES_ERROR;
				CLANG_WARN_SUSPICIOUS_MOVE = YES;
				CLANG_WARN_UNREACHABLE_CODE = YES;
				CLANG_WARN__DUPLICATE_METHOD_MATCH = YES;
				"CODE_SIGN_IDENTITY[sdk=iphoneos*]" = "iPhone Developer";
				COPY_PHASE_STRIP = NO;
				DEBUG_INFORMATION_FORMAT = "dwarf-with-dsym";
				ENABLE_NS_ASSERTIONS = NO;
				ENABLE_STRICT_OBJC_MSGSEND = YES;
				GCC_C_LANGUAGE_STANDARD = gnu99;
				GCC_NO_COMMON_BLOCKS = YES;
				GCC_WARN_64_TO_32_BIT_CONVERSION = YES;
				GCC_WARN_ABOUT_RETURN_TYPE = YES_ERROR;
				GCC_WARN_UNDECLARED_SELECTOR = YES;
				GCC_WARN_UNINITIALIZED_AUTOS = YES_AGGRESSIVE;
				GCC_WARN_UNUSED_FUNCTION = YES;
				GCC_WARN_UNUSED_VARIABLE = YES;
				IPHONEOS_DEPLOYMENT_TARGET = 10.2;
				MTL_ENABLE_DEBUG_INFO = NO;
				SDKROOT = iphoneos;
				SWIFT_OPTIMIZATION_LEVEL = "-Owholemodule";
				TARGETED_DEVICE_FAMILY = "1,2";
				VALIDATE_PRODUCT = YES;
			};
			name = Release;
		};
		7FC20A651E459A7B00207F7E /* Debug */ = {
			isa = XCBuildConfiguration;
			buildSettings = {
				ASSETCATALOG_COMPILER_APPICON_NAME = AppIcon;
				INFOPLIST_FILE = testWeb/Info.plist;
				LD_RUNPATH_SEARCH_PATHS = "$(inherited) @executable_path/Frameworks";
				PRODUCT_BUNDLE_IDENTIFIER = cs0428.testWeb;
				PRODUCT_NAME = "$(TARGET_NAME)";
				SWIFT_VERSION = 3.0;
			};
			name = Debug;
		};
		7FC20A661E459A7B00207F7E /* Release */ = {
			isa = XCBuildConfiguration;
			buildSettings = {
				ASSETCATALOG_COMPILER_APPICON_NAME = AppIcon;
				INFOPLIST_FILE = testWeb/Info.plist;
				LD_RUNPATH_SEARCH_PATHS = "$(inherited) @executable_path/Frameworks";
				PRODUCT_BUNDLE_IDENTIFIER = cs0428.testWeb;
				PRODUCT_NAME = "$(TARGET_NAME)";
				SWIFT_VERSION = 3.0;
			};
			name = Release;
		};
/* End XCBuildConfiguration section */

/* Begin XCConfigurationList section */
		7FC20A4D1E459A7B00207F7E /* Build configuration list for PBXProject "testWeb" */ = {
			isa = XCConfigurationList;
			buildConfigurations = (
				7FC20A621E459A7B00207F7E /* Debug */,
				7FC20A631E459A7B00207F7E /* Release */,
			);
			defaultConfigurationIsVisible = 0;
			defaultConfigurationName = Release;
		};
		7FC20A641E459A7B00207F7E /* Build configuration list for PBXNativeTarget "testWeb" */ = {
			isa = XCConfigurationList;
			buildConfigurations = (
				7FC20A651E459A7B00207F7E /* Debug */,
				7FC20A661E459A7B00207F7E /* Release */,
			);
			defaultConfigurationIsVisible = 0;
		};
/* End XCConfigurationList section */
	};
	rootObject = 7FC20A4A1E459A7B00207F7E /* Project object */;
}
